# generated by rye
# use `rye lock` or `rye sync` to update this lockfile
#
# last locked with the following flags:
#   pre: false
#   features: []
#   all-features: false
#   with-sources: false
#   generate-hashes: false
#   universal: false

-e file:.
anyio==4.14.2
    # via httpx
beautifulsoup4==4.15.0
    # via media-downloader
certifi==2026.7.22
    # via httpcore
    # via httpx
    # via requests
cffi==2.1.1
    # via cryptography
charset-normalizer==3.5.1
    # via requests
cloudscraper==1.2.71
    # via pixivpy3
coverage==7.15.4
    # via media-downloader
cryptography==50.0.0
    # via media-downloader
emoji==2.15.0
    # via media-downloader
h11==0.16.0
    # via httpcore
httpcore==1.0.9
    # via httpx
httpx==0.28.1
    # via media-downloader
idna==3.19
    # via anyio
    # via httpx
    # via requests
isort==8.0.1
    # via media-downloader
mock==5.2.0
    # via media-downloader
orjson==3.12.0
    # via media-downloader
pillow==12.3.0
    # via media-downloader
pixivpy3==3.7.5
    # via media-downloader
plyer==2.1.0
    # via media-downloader
pycodestyle==2.14.0
    # via media-downloader
pycparser==3.0
    # via cffi
pyparsing==3.3.2
    # via cloudscraper
pyside6==6.11.2
    # via media-downloader
pyside6-addons==6.11.2
    # via pyside6
pyside6-essentials==6.11.2
    # via pyside6
    # via pyside6-addons
requests==2.34.2
    # via cloudscraper
    # via pixivpy3
    # via requests-toolbelt
requests-toolbelt==1.0.0
    # via cloudscraper
    # via pixivpy3
ruff==0.16.4
    # via media-downloader
shiboken6==6.11.2
    # via pyside6
    # via pyside6-addons
    # via pyside6-essentials
soupsieve==2.9.2
    # via beautifulsoup4
typing-extensions==4.16.0
    # via anyio
    # via beautifulsoup4
    # via pixivpy3
urllib3==2.7.0
    # via pixivpy3
    # via requests
xmltodict==1.0.4
    # via media-downloader
